
Microsoft Visual Studio Solution File, Format Version 12.00
# Visual Studio Version 17
VisualStudioVersion = 17.9.34723.18
MinimumVisualStudioVersion = 10.0.40219.1
Project("{FAE04EC0-301F-11D3-BF4B-00C04F79EFBC}") = "B321_Final_Project_.NET", "B321_Final_Project_.NET.csproj", "{FDF985F8-907E-4A30-B27D-E9EF0368D23E}"
EndProject
Global
	GlobalSection(SolutionConfigurationPlatforms) = preSolution
		Debug|Any CPU = Debug|Any CPU
		Release|Any CPU = Release|Any CPU
	EndGlobalSection
	GlobalSection(ProjectConfigurationPlatforms) = postSolution
		{FDF985F8-907E-4A30-B27D-E9EF0368D23E}.Debug|Any CPU.ActiveCfg = Debug|Any CPU
		{FDF985F8-907E-4A30-B27D-E9EF0368D23E}.Debug|Any CPU.Build.0 = Debug|Any CPU
		{FDF985F8-907E-4A30-B27D-E9EF0368D23E}.Release|Any CPU.ActiveCfg = Release|Any CPU
		{FDF985F8-907E-4A30-B27D-E9EF0368D23E}.Release|Any CPU.Build.0 = Release|Any CPU
	EndGlobalSection
	GlobalSection(SolutionProperties) = preSolution
		HideSolutionNode = FALSE
	EndGlobalSection
	GlobalSection(ExtensibilityGlobals) = postSolution
		SolutionGuid = {C9AA4737-7C0E-44D6-A088-AD1FA304C863}
	EndGlobalSection
EndGlobal
